
Microsoft Visual Studio Solution File, Format Version 12.00
# Visual Studio Version 17
VisualStudioVersion = 17.5.33424.131
MinimumVisualStudioVersion = 10.0.40219.1
Project("{9A19103F-16F7-4668-BE54-9A1E7A4F7556}") = "ListaDeExercicios01", "ListaDeExercicios.Exercicio01\ListaDeExercicios01.csproj", "{5196D559-FEA3-4E41-AAA2-00F6BF6A1D16}"
EndProject
Project("{9A19103F-16F7-4668-BE54-9A1E7A4F7556}") = "ListaDeExercicios02", "ListaDeExercicios02\ListaDeExercicios02.csproj", "{9414B5C3-F4FB-478C-9D55-27ED1FADA320}"
EndProject
Project("{9A19103F-16F7-4668-BE54-9A1E7A4F7556}") = "ListaDeExercicios03", "ListaDeExercicios03\ListaDeExercicios03.csproj", "{A746023D-B757-4735-B3D8-89A8447D944D}"
EndProject
Project("{9A19103F-16F7-4668-BE54-9A1E7A4F7556}") = "ListaDeExercicios04", "ListaDeExercicios04\ListaDeExercicios04.csproj", "{2FC02EC2-9812-4227-AA95-EAC2BFF3C699}"
EndProject
Project("{9A19103F-16F7-4668-BE54-9A1E7A4F7556}") = "ListaDeExercicios09", "ListaDeExercicios09\ListaDeExercicios09.csproj", "{40AC2AD8-A701-4AF8-8458-65E5A6677C93}"
EndProject
Project("{9A19103F-16F7-4668-BE54-9A1E7A4F7556}") = "ListaDeExercicios05", "ListaDeExercicios05\ListaDeExercicios05.csproj", "{393A4D95-E15C-46FB-AC47-F73BD93F71E5}"
EndProject
Project("{9A19103F-16F7-4668-BE54-9A1E7A4F7556}") = "ListaDeExercicios06", "ListaDeExercicios06\ListaDeExercicios06.csproj", "{AD327B91-DD50-4B27-A126-45D8F4C8C9D0}"
EndProject
Project("{9A19103F-16F7-4668-BE54-9A1E7A4F7556}") = "ListaDeExercicios07", "ListaDeExercicios07\ListaDeExercicios07.csproj", "{46B1653B-71F6-4AE0-A80C-CD78DD0C08E5}"
EndProject
Project("{9A19103F-16F7-4668-BE54-9A1E7A4F7556}") = "ListaDeExercicios08", "ListaDeExercicios08\ListaDeExercicios08.csproj", "{FD2F05D8-C8B0-4DBD-8B8E-2C9FAEAC75D6}"
EndProject
Project("{9A19103F-16F7-4668-BE54-9A1E7A4F7556}") = "ListaDeExercicios10", "ListaDeExercicios10\ListaDeExercicios10.csproj", "{789A5DF3-FC6B-4FCE-BC69-03C5C2363719}"
EndProject
Project("{9A19103F-16F7-4668-BE54-9A1E7A4F7556}") = "ListaDeExercicios11", "ListaDeExercicios11\ListaDeExercicios11.csproj", "{5DA732D3-C52D-4889-9A46-C336093964C9}"
EndProject
Project("{9A19103F-16F7-4668-BE54-9A1E7A4F7556}") = "ListaDeExercicios12", "ListaDeExercicios12\ListaDeExercicios12.csproj", "{FAA9172A-76B6-4BC4-AD42-D592DDC6E3F6}"
EndProject
Project("{9A19103F-16F7-4668-BE54-9A1E7A4F7556}") = "ListaDeExercicios14", "ListaDeExercicios14\ListaDeExercicios14.csproj", "{7A7728EA-5ABC-4BD3-AC2A-0C25D45C1BB3}"
EndProject
Project("{9A19103F-16F7-4668-BE54-9A1E7A4F7556}") = "ListaDeExercicios15", "ListaDeExercicios15\ListaDeExercicios15.csproj", "{661B768C-DDAA-4F07-8F00-D5F7C2F9649E}"
EndProject
Project("{9A19103F-16F7-4668-BE54-9A1E7A4F7556}") = "ListaDeExercicios16", "ListaDeExercicios16\ListaDeExercicios16.csproj", "{27BFFDEA-F3AE-4A12-8CBD-7E241C46D07A}"
EndProject
Project("{9A19103F-16F7-4668-BE54-9A1E7A4F7556}") = "ListaDeExercicios13", "ListaDeExercicios13\ListaDeExercicios13.csproj", "{5B3931A9-FE67-42ED-809E-6857B0958653}"
EndProject
Project("{2150E333-8FDC-42A3-9474-1A3956D46DE8}") = "PastaComExercicios01", "PastaComExercicios01", "{6F48FE34-1DA2-4554-8059-11116EC9DC3E}"
EndProject
Project("{2150E333-8FDC-42A3-9474-1A3956D46DE8}") = "PastaComExercicios02", "PastaComExercicios02", "{E448A4CB-B34E-4E59-B85F-3801A55C0EF1}"
EndProject
Project("{9A19103F-16F7-4668-BE54-9A1E7A4F7556}") = "ListaDeExercicios17", "D:\Visual\2023\ListaDeExericios01\ListaExercicios-Exercicio02\ListaDeExercicios17.csproj", "{D9EDC7EF-3037-45ED-88C9-E014AA983DBE}"
EndProject
Project("{FAE04EC0-301F-11D3-BF4B-00C04F79EFBC}") = "ListaDeExercicios18", "ListaDeExercicos18\ListaDeExercicios18.csproj", "{20660DDF-9FA9-4DB0-BC41-267416A3F598}"
EndProject
Project("{FAE04EC0-301F-11D3-BF4B-00C04F79EFBC}") = "ListaDeExercicios19", "ListaDeExercicios19\ListaDeExercicios19.csproj", "{DF3A39FD-C3EB-44D0-B443-9B5CEFB5CDD2}"
EndProject
Project("{FAE04EC0-301F-11D3-BF4B-00C04F79EFBC}") = "ListaDeExercicios20", "ListaDeExercicios20\ListaDeExercicios20.csproj", "{9C3B28DE-0A55-41B3-AE7E-0474B67D2EEC}"
EndProject
Project("{FAE04EC0-301F-11D3-BF4B-00C04F79EFBC}") = "ListaDeExercicios21", "ListaDeExercicios21\ListaDeExercicios21.csproj", "{361FE8C2-CBF4-4E50-AE55-65844A0BFCF2}"
EndProject
Project("{FAE04EC0-301F-11D3-BF4B-00C04F79EFBC}") = "ListaDeExercicios22", "ListaDeExercicios22\ListaDeExercicios22.csproj", "{0D0882F1-0B89-46AD-B240-854BD90C0AD9}"
EndProject
Project("{FAE04EC0-301F-11D3-BF4B-00C04F79EFBC}") = "ListaDeExercicios23", "ListaDeExercicios23\ListaDeExercicios23.csproj", "{9654D275-8C5F-488A-98A0-62B10A05E42F}"
EndProject
Project("{FAE04EC0-301F-11D3-BF4B-00C04F79EFBC}") = "ListaDeExercicios24", "ListaDeExercicios24\ListaDeExercicios24.csproj", "{335D9A9B-10D9-42C9-B62A-8773F3D7639F}"
EndProject
Project("{FAE04EC0-301F-11D3-BF4B-00C04F79EFBC}") = "ListaDeExercicios25", "ListaDeExercicios25\ListaDeExercicios25.csproj", "{CDCF6D7F-5C5A-4ECB-B4B9-8B78251A7A43}"
EndProject
Project("{FAE04EC0-301F-11D3-BF4B-00C04F79EFBC}") = "ListaDeExercicios26", "ListaDeExercicios26\ListaDeExercicios26.csproj", "{46529588-9556-418D-B3FB-A7C7677AEE2B}"
EndProject
Project("{FAE04EC0-301F-11D3-BF4B-00C04F79EFBC}") = "ListaDeExercicios27", "ListaDeExercicios27\ListaDeExercicios27.csproj", "{3DA61215-55CA-4436-97BF-217024ECC9F1}"
EndProject
Project("{FAE04EC0-301F-11D3-BF4B-00C04F79EFBC}") = "ListaDeExercicios28", "ListaDeExercicios28\ListaDeExercicios28.csproj", "{75E64BD8-69BF-4A7D-8BAA-D182AD533BE1}"
EndProject
Global
	GlobalSection(SolutionConfigurationPlatforms) = preSolution
		Debug|Any CPU = Debug|Any CPU
		Release|Any CPU = Release|Any CPU
	EndGlobalSection
	GlobalSection(ProjectConfigurationPlatforms) = postSolution
		{5196D559-FEA3-4E41-AAA2-00F6BF6A1D16}.Debug|Any CPU.ActiveCfg = Debug|Any CPU
		{5196D559-FEA3-4E41-AAA2-00F6BF6A1D16}.Debug|Any CPU.Build.0 = Debug|Any CPU
		{5196D559-FEA3-4E41-AAA2-00F6BF6A1D16}.Release|Any CPU.ActiveCfg = Release|Any CPU
		{5196D559-FEA3-4E41-AAA2-00F6BF6A1D16}.Release|Any CPU.Build.0 = Release|Any CPU
		{9414B5C3-F4FB-478C-9D55-27ED1FADA320}.Debug|Any CPU.ActiveCfg = Debug|Any CPU
		{9414B5C3-F4FB-478C-9D55-27ED1FADA320}.Debug|Any CPU.Build.0 = Debug|Any CPU
		{9414B5C3-F4FB-478C-9D55-27ED1FADA320}.Release|Any CPU.ActiveCfg = Release|Any CPU
		{9414B5C3-F4FB-478C-9D55-27ED1FADA320}.Release|Any CPU.Build.0 = Release|Any CPU
		{A746023D-B757-4735-B3D8-89A8447D944D}.Debug|Any CPU.ActiveCfg = Debug|Any CPU
		{A746023D-B757-4735-B3D8-89A8447D944D}.Debug|Any CPU.Build.0 = Debug|Any CPU
		{A746023D-B757-4735-B3D8-89A8447D944D}.Release|Any CPU.ActiveCfg = Release|Any CPU
		{A746023D-B757-4735-B3D8-89A8447D944D}.Release|Any CPU.Build.0 = Release|Any CPU
		{2FC02EC2-9812-4227-AA95-EAC2BFF3C699}.Debug|Any CPU.ActiveCfg = Debug|Any CPU
		{2FC02EC2-9812-4227-AA95-EAC2BFF3C699}.Debug|Any CPU.Build.0 = Debug|Any CPU
		{2FC02EC2-9812-4227-AA95-EAC2BFF3C699}.Release|Any CPU.ActiveCfg = Release|Any CPU
		{2FC02EC2-9812-4227-AA95-EAC2BFF3C699}.Release|Any CPU.Build.0 = Release|Any CPU
		{40AC2AD8-A701-4AF8-8458-65E5A6677C93}.Debug|Any CPU.ActiveCfg = Debug|Any CPU
		{40AC2AD8-A701-4AF8-8458-65E5A6677C93}.Debug|Any CPU.Build.0 = Debug|Any CPU
		{40AC2AD8-A701-4AF8-8458-65E5A6677C93}.Release|Any CPU.ActiveCfg = Release|Any CPU
		{40AC2AD8-A701-4AF8-8458-65E5A6677C93}.Release|Any CPU.Build.0 = Release|Any CPU
		{393A4D95-E15C-46FB-AC47-F73BD93F71E5}.Debug|Any CPU.ActiveCfg = Debug|Any CPU
		{393A4D95-E15C-46FB-AC47-F73BD93F71E5}.Debug|Any CPU.Build.0 = Debug|Any CPU
		{393A4D95-E15C-46FB-AC47-F73BD93F71E5}.Release|Any CPU.ActiveCfg = Release|Any CPU
		{393A4D95-E15C-46FB-AC47-F73BD93F71E5}.Release|Any CPU.Build.0 = Release|Any CPU
		{AD327B91-DD50-4B27-A126-45D8F4C8C9D0}.Debug|Any CPU.ActiveCfg = Debug|Any CPU
		{AD327B91-DD50-4B27-A126-45D8F4C8C9D0}.Debug|Any CPU.Build.0 = Debug|Any CPU
		{AD327B91-DD50-4B27-A126-45D8F4C8C9D0}.Release|Any CPU.ActiveCfg = Release|Any CPU
		{AD327B91-DD50-4B27-A126-45D8F4C8C9D0}.Release|Any CPU.Build.0 = Release|Any CPU
		{46B1653B-71F6-4AE0-A80C-CD78DD0C08E5}.Debug|Any CPU.ActiveCfg = Debug|Any CPU
		{46B1653B-71F6-4AE0-A80C-CD78DD0C08E5}.Debug|Any CPU.Build.0 = Debug|Any CPU
		{46B1653B-71F6-4AE0-A80C-CD78DD0C08E5}.Release|Any CPU.ActiveCfg = Release|Any CPU
		{46B1653B-71F6-4AE0-A80C-CD78DD0C08E5}.Release|Any CPU.Build.0 = Release|Any CPU
		{FD2F05D8-C8B0-4DBD-8B8E-2C9FAEAC75D6}.Debug|Any CPU.ActiveCfg = Debug|Any CPU
		{FD2F05D8-C8B0-4DBD-8B8E-2C9FAEAC75D6}.Debug|Any CPU.Build.0 = Debug|Any CPU
		{FD2F05D8-C8B0-4DBD-8B8E-2C9FAEAC75D6}.Release|Any CPU.ActiveCfg = Release|Any CPU
		{FD2F05D8-C8B0-4DBD-8B8E-2C9FAEAC75D6}.Release|Any CPU.Build.0 = Release|Any CPU
		{789A5DF3-FC6B-4FCE-BC69-03C5C2363719}.Debug|Any CPU.ActiveCfg = Debug|Any CPU
		{789A5DF3-FC6B-4FCE-BC69-03C5C2363719}.Debug|Any CPU.Build.0 = Debug|Any CPU
		{789A5DF3-FC6B-4FCE-BC69-03C5C2363719}.Release|Any CPU.ActiveCfg = Release|Any CPU
		{789A5DF3-FC6B-4FCE-BC69-03C5C2363719}.Release|Any CPU.Build.0 = Release|Any CPU
		{5DA732D3-C52D-4889-9A46-C336093964C9}.Debug|Any CPU.ActiveCfg = Debug|Any CPU
		{5DA732D3-C52D-4889-9A46-C336093964C9}.Debug|Any CPU.Build.0 = Debug|Any CPU
		{5DA732D3-C52D-4889-9A46-C336093964C9}.Release|Any CPU.ActiveCfg = Release|Any CPU
		{5DA732D3-C52D-4889-9A46-C336093964C9}.Release|Any CPU.Build.0 = Release|Any CPU
		{FAA9172A-76B6-4BC4-AD42-D592DDC6E3F6}.Debug|Any CPU.ActiveCfg = Debug|Any CPU
		{FAA9172A-76B6-4BC4-AD42-D592DDC6E3F6}.Debug|Any CPU.Build.0 = Debug|Any CPU
		{FAA9172A-76B6-4BC4-AD42-D592DDC6E3F6}.Release|Any CPU.ActiveCfg = Release|Any CPU
		{FAA9172A-76B6-4BC4-AD42-D592DDC6E3F6}.Release|Any CPU.Build.0 = Release|Any CPU
		{7A7728EA-5ABC-4BD3-AC2A-0C25D45C1BB3}.Debug|Any CPU.ActiveCfg = Debug|Any CPU
		{7A7728EA-5ABC-4BD3-AC2A-0C25D45C1BB3}.Debug|Any CPU.Build.0 = Debug|Any CPU
		{7A7728EA-5ABC-4BD3-AC2A-0C25D45C1BB3}.Release|Any CPU.ActiveCfg = Release|Any CPU
		{7A7728EA-5ABC-4BD3-AC2A-0C25D45C1BB3}.Release|Any CPU.Build.0 = Release|Any CPU
		{661B768C-DDAA-4F07-8F00-D5F7C2F9649E}.Debug|Any CPU.ActiveCfg = Debug|Any CPU
		{661B768C-DDAA-4F07-8F00-D5F7C2F9649E}.Debug|Any CPU.Build.0 = Debug|Any CPU
		{661B768C-DDAA-4F07-8F00-D5F7C2F9649E}.Release|Any CPU.ActiveCfg = Release|Any CPU
		{661B768C-DDAA-4F07-8F00-D5F7C2F9649E}.Release|Any CPU.Build.0 = Release|Any CPU
		{27BFFDEA-F3AE-4A12-8CBD-7E241C46D07A}.Debug|Any CPU.ActiveCfg = Debug|Any CPU
		{27BFFDEA-F3AE-4A12-8CBD-7E241C46D07A}.Debug|Any CPU.Build.0 = Debug|Any CPU
		{27BFFDEA-F3AE-4A12-8CBD-7E241C46D07A}.Release|Any CPU.ActiveCfg = Release|Any CPU
		{27BFFDEA-F3AE-4A12-8CBD-7E241C46D07A}.Release|Any CPU.Build.0 = Release|Any CPU
		{5B3931A9-FE67-42ED-809E-6857B0958653}.Debug|Any CPU.ActiveCfg = Debug|Any CPU
		{5B3931A9-FE67-42ED-809E-6857B0958653}.Debug|Any CPU.Build.0 = Debug|Any CPU
		{5B3931A9-FE67-42ED-809E-6857B0958653}.Release|Any CPU.ActiveCfg = Release|Any CPU
		{5B3931A9-FE67-42ED-809E-6857B0958653}.Release|Any CPU.Build.0 = Release|Any CPU
		{D9EDC7EF-3037-45ED-88C9-E014AA983DBE}.Debug|Any CPU.ActiveCfg = Debug|Any CPU
		{D9EDC7EF-3037-45ED-88C9-E014AA983DBE}.Debug|Any CPU.Build.0 = Debug|Any CPU
		{D9EDC7EF-3037-45ED-88C9-E014AA983DBE}.Release|Any CPU.ActiveCfg = Release|Any CPU
		{D9EDC7EF-3037-45ED-88C9-E014AA983DBE}.Release|Any CPU.Build.0 = Release|Any CPU
		{20660DDF-9FA9-4DB0-BC41-267416A3F598}.Debug|Any CPU.ActiveCfg = Debug|Any CPU
		{20660DDF-9FA9-4DB0-BC41-267416A3F598}.Debug|Any CPU.Build.0 = Debug|Any CPU
		{20660DDF-9FA9-4DB0-BC41-267416A3F598}.Release|Any CPU.ActiveCfg = Release|Any CPU
		{20660DDF-9FA9-4DB0-BC41-267416A3F598}.Release|Any CPU.Build.0 = Release|Any CPU
		{DF3A39FD-C3EB-44D0-B443-9B5CEFB5CDD2}.Debug|Any CPU.ActiveCfg = Debug|Any CPU
		{DF3A39FD-C3EB-44D0-B443-9B5CEFB5CDD2}.Debug|Any CPU.Build.0 = Debug|Any CPU
		{DF3A39FD-C3EB-44D0-B443-9B5CEFB5CDD2}.Release|Any CPU.ActiveCfg = Release|Any CPU
		{DF3A39FD-C3EB-44D0-B443-9B5CEFB5CDD2}.Release|Any CPU.Build.0 = Release|Any CPU
		{9C3B28DE-0A55-41B3-AE7E-0474B67D2EEC}.Debug|Any CPU.ActiveCfg = Debug|Any CPU
		{9C3B28DE-0A55-41B3-AE7E-0474B67D2EEC}.Debug|Any CPU.Build.0 = Debug|Any CPU
		{9C3B28DE-0A55-41B3-AE7E-0474B67D2EEC}.Release|Any CPU.ActiveCfg = Release|Any CPU
		{9C3B28DE-0A55-41B3-AE7E-0474B67D2EEC}.Release|Any CPU.Build.0 = Release|Any CPU
		{361FE8C2-CBF4-4E50-AE55-65844A0BFCF2}.Debug|Any CPU.ActiveCfg = Debug|Any CPU
		{361FE8C2-CBF4-4E50-AE55-65844A0BFCF2}.Debug|Any CPU.Build.0 = Debug|Any CPU
		{361FE8C2-CBF4-4E50-AE55-65844A0BFCF2}.Release|Any CPU.ActiveCfg = Release|Any CPU
		{361FE8C2-CBF4-4E50-AE55-65844A0BFCF2}.Release|Any CPU.Build.0 = Release|Any CPU
		{0D0882F1-0B89-46AD-B240-854BD90C0AD9}.Debug|Any CPU.ActiveCfg = Debug|Any CPU
		{0D0882F1-0B89-46AD-B240-854BD90C0AD9}.Debug|Any CPU.Build.0 = Debug|Any CPU
		{0D0882F1-0B89-46AD-B240-854BD90C0AD9}.Release|Any CPU.ActiveCfg = Release|Any CPU
		{0D0882F1-0B89-46AD-B240-854BD90C0AD9}.Release|Any CPU.Build.0 = Release|Any CPU
		{9654D275-8C5F-488A-98A0-62B10A05E42F}.Debug|Any CPU.ActiveCfg = Debug|Any CPU
		{9654D275-8C5F-488A-98A0-62B10A05E42F}.Debug|Any CPU.Build.0 = Debug|Any CPU
		{9654D275-8C5F-488A-98A0-62B10A05E42F}.Release|Any CPU.ActiveCfg = Release|Any CPU
		{9654D275-8C5F-488A-98A0-62B10A05E42F}.Release|Any CPU.Build.0 = Release|Any CPU
		{335D9A9B-10D9-42C9-B62A-8773F3D7639F}.Debug|Any CPU.ActiveCfg = Debug|Any CPU
		{335D9A9B-10D9-42C9-B62A-8773F3D7639F}.Debug|Any CPU.Build.0 = Debug|Any CPU
		{335D9A9B-10D9-42C9-B62A-8773F3D7639F}.Release|Any CPU.ActiveCfg = Release|Any CPU
		{335D9A9B-10D9-42C9-B62A-8773F3D7639F}.Release|Any CPU.Build.0 = Release|Any CPU
		{CDCF6D7F-5C5A-4ECB-B4B9-8B78251A7A43}.Debug|Any CPU.ActiveCfg = Debug|Any CPU
		{CDCF6D7F-5C5A-4ECB-B4B9-8B78251A7A43}.Debug|Any CPU.Build.0 = Debug|Any CPU
		{CDCF6D7F-5C5A-4ECB-B4B9-8B78251A7A43}.Release|Any CPU.ActiveCfg = Release|Any CPU
		{CDCF6D7F-5C5A-4ECB-B4B9-8B78251A7A43}.Release|Any CPU.Build.0 = Release|Any CPU
		{46529588-9556-418D-B3FB-A7C7677AEE2B}.Debug|Any CPU.ActiveCfg = Debug|Any CPU
		{46529588-9556-418D-B3FB-A7C7677AEE2B}.Debug|Any CPU.Build.0 = Debug|Any CPU
		{46529588-9556-418D-B3FB-A7C7677AEE2B}.Release|Any CPU.ActiveCfg = Release|Any CPU
		{46529588-9556-418D-B3FB-A7C7677AEE2B}.Release|Any CPU.Build.0 = Release|Any CPU
		{3DA61215-55CA-4436-97BF-217024ECC9F1}.Debug|Any CPU.ActiveCfg = Debug|Any CPU
		{3DA61215-55CA-4436-97BF-217024ECC9F1}.Debug|Any CPU.Build.0 = Debug|Any CPU
		{3DA61215-55CA-4436-97BF-217024ECC9F1}.Release|Any CPU.ActiveCfg = Release|Any CPU
		{3DA61215-55CA-4436-97BF-217024ECC9F1}.Release|Any CPU.Build.0 = Release|Any CPU
		{75E64BD8-69BF-4A7D-8BAA-D182AD533BE1}.Debug|Any CPU.ActiveCfg = Debug|Any CPU
		{75E64BD8-69BF-4A7D-8BAA-D182AD533BE1}.Debug|Any CPU.Build.0 = Debug|Any CPU
		{75E64BD8-69BF-4A7D-8BAA-D182AD533BE1}.Release|Any CPU.ActiveCfg = Release|Any CPU
		{75E64BD8-69BF-4A7D-8BAA-D182AD533BE1}.Release|Any CPU.Build.0 = Release|Any CPU
	EndGlobalSection
	GlobalSection(SolutionProperties) = preSolution
		HideSolutionNode = FALSE
	EndGlobalSection
	GlobalSection(NestedProjects) = preSolution
		{5196D559-FEA3-4E41-AAA2-00F6BF6A1D16} = {6F48FE34-1DA2-4554-8059-11116EC9DC3E}
		{9414B5C3-F4FB-478C-9D55-27ED1FADA320} = {6F48FE34-1DA2-4554-8059-11116EC9DC3E}
		{A746023D-B757-4735-B3D8-89A8447D944D} = {6F48FE34-1DA2-4554-8059-11116EC9DC3E}
		{2FC02EC2-9812-4227-AA95-EAC2BFF3C699} = {6F48FE34-1DA2-4554-8059-11116EC9DC3E}
		{40AC2AD8-A701-4AF8-8458-65E5A6677C93} = {6F48FE34-1DA2-4554-8059-11116EC9DC3E}
		{393A4D95-E15C-46FB-AC47-F73BD93F71E5} = {6F48FE34-1DA2-4554-8059-11116EC9DC3E}
		{AD327B91-DD50-4B27-A126-45D8F4C8C9D0} = {6F48FE34-1DA2-4554-8059-11116EC9DC3E}
		{46B1653B-71F6-4AE0-A80C-CD78DD0C08E5} = {6F48FE34-1DA2-4554-8059-11116EC9DC3E}
		{FD2F05D8-C8B0-4DBD-8B8E-2C9FAEAC75D6} = {6F48FE34-1DA2-4554-8059-11116EC9DC3E}
		{789A5DF3-FC6B-4FCE-BC69-03C5C2363719} = {6F48FE34-1DA2-4554-8059-11116EC9DC3E}
		{5DA732D3-C52D-4889-9A46-C336093964C9} = {6F48FE34-1DA2-4554-8059-11116EC9DC3E}
		{FAA9172A-76B6-4BC4-AD42-D592DDC6E3F6} = {6F48FE34-1DA2-4554-8059-11116EC9DC3E}
		{7A7728EA-5ABC-4BD3-AC2A-0C25D45C1BB3} = {6F48FE34-1DA2-4554-8059-11116EC9DC3E}
		{661B768C-DDAA-4F07-8F00-D5F7C2F9649E} = {6F48FE34-1DA2-4554-8059-11116EC9DC3E}
		{27BFFDEA-F3AE-4A12-8CBD-7E241C46D07A} = {6F48FE34-1DA2-4554-8059-11116EC9DC3E}
		{5B3931A9-FE67-42ED-809E-6857B0958653} = {6F48FE34-1DA2-4554-8059-11116EC9DC3E}
		{D9EDC7EF-3037-45ED-88C9-E014AA983DBE} = {E448A4CB-B34E-4E59-B85F-3801A55C0EF1}
		{20660DDF-9FA9-4DB0-BC41-267416A3F598} = {E448A4CB-B34E-4E59-B85F-3801A55C0EF1}
		{DF3A39FD-C3EB-44D0-B443-9B5CEFB5CDD2} = {E448A4CB-B34E-4E59-B85F-3801A55C0EF1}
		{9C3B28DE-0A55-41B3-AE7E-0474B67D2EEC} = {E448A4CB-B34E-4E59-B85F-3801A55C0EF1}
		{361FE8C2-CBF4-4E50-AE55-65844A0BFCF2} = {E448A4CB-B34E-4E59-B85F-3801A55C0EF1}
		{0D0882F1-0B89-46AD-B240-854BD90C0AD9} = {E448A4CB-B34E-4E59-B85F-3801A55C0EF1}
		{9654D275-8C5F-488A-98A0-62B10A05E42F} = {E448A4CB-B34E-4E59-B85F-3801A55C0EF1}
		{335D9A9B-10D9-42C9-B62A-8773F3D7639F} = {E448A4CB-B34E-4E59-B85F-3801A55C0EF1}
		{CDCF6D7F-5C5A-4ECB-B4B9-8B78251A7A43} = {E448A4CB-B34E-4E59-B85F-3801A55C0EF1}
		{46529588-9556-418D-B3FB-A7C7677AEE2B} = {E448A4CB-B34E-4E59-B85F-3801A55C0EF1}
		{3DA61215-55CA-4436-97BF-217024ECC9F1} = {E448A4CB-B34E-4E59-B85F-3801A55C0EF1}
		{75E64BD8-69BF-4A7D-8BAA-D182AD533BE1} = {E448A4CB-B34E-4E59-B85F-3801A55C0EF1}
	EndGlobalSection
	GlobalSection(ExtensibilityGlobals) = postSolution
		SolutionGuid = {00C08954-7D42-49B3-AEEA-D38283818922}
	EndGlobalSection
EndGlobal
